
Microsoft Visual Studio Solution File, Format Version 12.00
# Visual Studio Version 16
VisualStudioVersion = 16.0.32510.428
MinimumVisualStudioVersion = 10.0.40219.1
Project("{F2A71F9B-5D33-465A-A702-920D77279786}") = "17", "17.fsproj", "{1782B415-8DDE-4F76-8615-64AD54FDE7AE}"
EndProject
Global
	GlobalSection(SolutionConfigurationPlatforms) = preSolution
		Debug|Any CPU = Debug|Any CPU
		Release|Any CPU = Release|Any CPU
	EndGlobalSection
	GlobalSection(ProjectConfigurationPlatforms) = postSolution
		{1782B415-8DDE-4F76-8615-64AD54FDE7AE}.Debug|Any CPU.ActiveCfg = Debug|Any CPU
		{1782B415-8DDE-4F76-8615-64AD54FDE7AE}.Debug|Any CPU.Build.0 = Debug|Any CPU
		{1782B415-8DDE-4F76-8615-64AD54FDE7AE}.Release|Any CPU.ActiveCfg = Release|Any CPU
		{1782B415-8DDE-4F76-8615-64AD54FDE7AE}.Release|Any CPU.Build.0 = Release|Any CPU
	EndGlobalSection
	GlobalSection(SolutionProperties) = preSolution
		HideSolutionNode = FALSE
	EndGlobalSection
	GlobalSection(ExtensibilityGlobals) = postSolution
		SolutionGuid = {8B00D67F-6AE8-489E-9335-474A620490AC}
	EndGlobalSection
EndGlobal
