
Microsoft Visual Studio Solution File, Format Version 12.00
# Visual Studio Version 16
VisualStudioVersion = 16.0.30413.136
MinimumVisualStudioVersion = 10.0.40219.1
Project("{F2A71F9B-5D33-465A-A702-920D77279786}") = "14", "14.fsproj", "{3398A2CD-B8B7-4464-B8C5-2A2DF68C5B87}"
EndProject
Global
	GlobalSection(SolutionConfigurationPlatforms) = preSolution
		Debug|Any CPU = Debug|Any CPU
		Release|Any CPU = Release|Any CPU
	EndGlobalSection
	GlobalSection(ProjectConfigurationPlatforms) = postSolution
		{3398A2CD-B8B7-4464-B8C5-2A2DF68C5B87}.Debug|Any CPU.ActiveCfg = Debug|Any CPU
		{3398A2CD-B8B7-4464-B8C5-2A2DF68C5B87}.Debug|Any CPU.Build.0 = Debug|Any CPU
		{3398A2CD-B8B7-4464-B8C5-2A2DF68C5B87}.Release|Any CPU.ActiveCfg = Release|Any CPU
		{3398A2CD-B8B7-4464-B8C5-2A2DF68C5B87}.Release|Any CPU.Build.0 = Release|Any CPU
	EndGlobalSection
	GlobalSection(SolutionProperties) = preSolution
		HideSolutionNode = FALSE
	EndGlobalSection
	GlobalSection(ExtensibilityGlobals) = postSolution
		SolutionGuid = {CE9DA809-E2F9-436F-9AFF-86B5025AA65E}
	EndGlobalSection
EndGlobal
