
Microsoft Visual Studio Solution File, Format Version 12.00
# Visual Studio Version 16
VisualStudioVersion = 16.0.32510.428
MinimumVisualStudioVersion = 10.0.40219.1
Project("{F2A71F9B-5D33-465A-A702-920D77279786}") = "18", "18.fsproj", "{D1892E6C-248E-419A-88CE-B3484763E6F1}"
EndProject
Global
	GlobalSection(SolutionConfigurationPlatforms) = preSolution
		Debug|Any CPU = Debug|Any CPU
		Release|Any CPU = Release|Any CPU
	EndGlobalSection
	GlobalSection(ProjectConfigurationPlatforms) = postSolution
		{D1892E6C-248E-419A-88CE-B3484763E6F1}.Debug|Any CPU.ActiveCfg = Debug|Any CPU
		{D1892E6C-248E-419A-88CE-B3484763E6F1}.Debug|Any CPU.Build.0 = Debug|Any CPU
		{D1892E6C-248E-419A-88CE-B3484763E6F1}.Release|Any CPU.ActiveCfg = Release|Any CPU
		{D1892E6C-248E-419A-88CE-B3484763E6F1}.Release|Any CPU.Build.0 = Release|Any CPU
	EndGlobalSection
	GlobalSection(SolutionProperties) = preSolution
		HideSolutionNode = FALSE
	EndGlobalSection
	GlobalSection(ExtensibilityGlobals) = postSolution
		SolutionGuid = {A42E97BE-2A46-42DD-B03D-5C88AA606A0C}
	EndGlobalSection
EndGlobal
