
Microsoft Visual Studio Solution File, Format Version 12.00
# Visual Studio Version 16
VisualStudioVersion = 16.0.30413.136
MinimumVisualStudioVersion = 10.0.40219.1
Project("{F2A71F9B-5D33-465A-A702-920D77279786}") = "11", "11.fsproj", "{D68EE270-4D53-47C2-8D50-900A1AD60346}"
EndProject
Global
	GlobalSection(SolutionConfigurationPlatforms) = preSolution
		Debug|Any CPU = Debug|Any CPU
		Release|Any CPU = Release|Any CPU
	EndGlobalSection
	GlobalSection(ProjectConfigurationPlatforms) = postSolution
		{D68EE270-4D53-47C2-8D50-900A1AD60346}.Debug|Any CPU.ActiveCfg = Debug|Any CPU
		{D68EE270-4D53-47C2-8D50-900A1AD60346}.Debug|Any CPU.Build.0 = Debug|Any CPU
		{D68EE270-4D53-47C2-8D50-900A1AD60346}.Release|Any CPU.ActiveCfg = Release|Any CPU
		{D68EE270-4D53-47C2-8D50-900A1AD60346}.Release|Any CPU.Build.0 = Release|Any CPU
	EndGlobalSection
	GlobalSection(SolutionProperties) = preSolution
		HideSolutionNode = FALSE
	EndGlobalSection
	GlobalSection(ExtensibilityGlobals) = postSolution
		SolutionGuid = {09CBC193-FA1C-4A75-99A9-1D7ECE50CED1}
	EndGlobalSection
EndGlobal
