
Microsoft Visual Studio Solution File, Format Version 12.00
# Visual Studio Version 16
VisualStudioVersion = 16.0.30413.136
MinimumVisualStudioVersion = 10.0.40219.1
Project("{F2A71F9B-5D33-465A-A702-920D77279786}") = "12", "12.fsproj", "{356FC157-3454-46A2-9E64-77B0FA3D9944}"
EndProject
Global
	GlobalSection(SolutionConfigurationPlatforms) = preSolution
		Debug|Any CPU = Debug|Any CPU
		Release|Any CPU = Release|Any CPU
	EndGlobalSection
	GlobalSection(ProjectConfigurationPlatforms) = postSolution
		{356FC157-3454-46A2-9E64-77B0FA3D9944}.Debug|Any CPU.ActiveCfg = Debug|Any CPU
		{356FC157-3454-46A2-9E64-77B0FA3D9944}.Debug|Any CPU.Build.0 = Debug|Any CPU
		{356FC157-3454-46A2-9E64-77B0FA3D9944}.Release|Any CPU.ActiveCfg = Release|Any CPU
		{356FC157-3454-46A2-9E64-77B0FA3D9944}.Release|Any CPU.Build.0 = Release|Any CPU
	EndGlobalSection
	GlobalSection(SolutionProperties) = preSolution
		HideSolutionNode = FALSE
	EndGlobalSection
	GlobalSection(ExtensibilityGlobals) = postSolution
		SolutionGuid = {6028D567-7EF6-4814-B42E-DA6B966B51C9}
	EndGlobalSection
EndGlobal
