
Microsoft Visual Studio Solution File, Format Version 12.00
# Visual Studio Version 16
VisualStudioVersion = 16.0.32510.428
MinimumVisualStudioVersion = 10.0.40219.1
Project("{F2A71F9B-5D33-465A-A702-920D77279786}") = "15", "15.fsproj", "{808DE683-5F0D-4DF6-A845-394C4432F012}"
EndProject
Global
	GlobalSection(SolutionConfigurationPlatforms) = preSolution
		Debug|Any CPU = Debug|Any CPU
		Release|Any CPU = Release|Any CPU
	EndGlobalSection
	GlobalSection(ProjectConfigurationPlatforms) = postSolution
		{808DE683-5F0D-4DF6-A845-394C4432F012}.Debug|Any CPU.ActiveCfg = Debug|Any CPU
		{808DE683-5F0D-4DF6-A845-394C4432F012}.Debug|Any CPU.Build.0 = Debug|Any CPU
		{808DE683-5F0D-4DF6-A845-394C4432F012}.Release|Any CPU.ActiveCfg = Release|Any CPU
		{808DE683-5F0D-4DF6-A845-394C4432F012}.Release|Any CPU.Build.0 = Release|Any CPU
	EndGlobalSection
	GlobalSection(SolutionProperties) = preSolution
		HideSolutionNode = FALSE
	EndGlobalSection
	GlobalSection(ExtensibilityGlobals) = postSolution
		SolutionGuid = {4A6A1B82-4785-4474-A308-928A04BCDB18}
	EndGlobalSection
EndGlobal
