
Microsoft Visual Studio Solution File, Format Version 12.00
# Visual Studio Version 16
VisualStudioVersion = 16.0.32510.428
MinimumVisualStudioVersion = 10.0.40219.1
Project("{F2A71F9B-5D33-465A-A702-920D77279786}") = "19", "19.fsproj", "{BBC97F8B-F502-4CF1-9D59-3E52603708CE}"
EndProject
Global
	GlobalSection(SolutionConfigurationPlatforms) = preSolution
		Debug|Any CPU = Debug|Any CPU
		Release|Any CPU = Release|Any CPU
	EndGlobalSection
	GlobalSection(ProjectConfigurationPlatforms) = postSolution
		{BBC97F8B-F502-4CF1-9D59-3E52603708CE}.Debug|Any CPU.ActiveCfg = Debug|Any CPU
		{BBC97F8B-F502-4CF1-9D59-3E52603708CE}.Debug|Any CPU.Build.0 = Debug|Any CPU
		{BBC97F8B-F502-4CF1-9D59-3E52603708CE}.Release|Any CPU.ActiveCfg = Release|Any CPU
		{BBC97F8B-F502-4CF1-9D59-3E52603708CE}.Release|Any CPU.Build.0 = Release|Any CPU
	EndGlobalSection
	GlobalSection(SolutionProperties) = preSolution
		HideSolutionNode = FALSE
	EndGlobalSection
	GlobalSection(ExtensibilityGlobals) = postSolution
		SolutionGuid = {59353C4B-2533-48B6-9497-2454D9D0635A}
	EndGlobalSection
EndGlobal
