
Microsoft Visual Studio Solution File, Format Version 12.00
# Visual Studio Version 16
VisualStudioVersion = 16.0.30413.136
MinimumVisualStudioVersion = 10.0.40219.1
Project("{F2A71F9B-5D33-465A-A702-920D77279786}") = "12", "12\12.fsproj", "{49CEDAEF-E55B-4DE2-8500-AB8E44D8CCD2}"
EndProject
Global
	GlobalSection(SolutionConfigurationPlatforms) = preSolution
		Debug|Any CPU = Debug|Any CPU
		Release|Any CPU = Release|Any CPU
	EndGlobalSection
	GlobalSection(ProjectConfigurationPlatforms) = postSolution
		{49CEDAEF-E55B-4DE2-8500-AB8E44D8CCD2}.Debug|Any CPU.ActiveCfg = Debug|Any CPU
		{49CEDAEF-E55B-4DE2-8500-AB8E44D8CCD2}.Debug|Any CPU.Build.0 = Debug|Any CPU
		{49CEDAEF-E55B-4DE2-8500-AB8E44D8CCD2}.Release|Any CPU.ActiveCfg = Release|Any CPU
		{49CEDAEF-E55B-4DE2-8500-AB8E44D8CCD2}.Release|Any CPU.Build.0 = Release|Any CPU
	EndGlobalSection
	GlobalSection(SolutionProperties) = preSolution
		HideSolutionNode = FALSE
	EndGlobalSection
	GlobalSection(ExtensibilityGlobals) = postSolution
		SolutionGuid = {E5F64703-2C3D-4484-B2AB-BAC244ECC0B7}
	EndGlobalSection
EndGlobal
